{
  "name": "app",
  "version": "1.0.0",
  "lockfileVersion": 3,
  "requires": true,
  "packages": {
    "": {
      "name": "app",
      "version": "1.0.0",
      "license": "ISC",
      "dependencies": {
        "sqlite3": "^5.1.6"
      }
    },
    "node_modules/sqlite3": {
      "version": "5.1.6",
      "resolved": "https://registry.npmjs.org/sqlite3/-/sqlite3-5.1.6.tgz",
      "integrity": "sha512-olYkWoKFVNSSSQNvxVUfjiVbz3YtBwTJj+mfV5zpHmqW3sELx2Cf4QCdirMelhM5Zh+KDVaKgQHqCxrqiWHybw==",
      "hasInstallScript": true,
      "dependencies": {
        "@mapbox/node-pre-gyp": "^1.0.0",
        "node-addon-api": "^4.2.0",
        "tar": "^6.1.11"
      },
      "optionalDependencies": {
        "node-gyp": "8.x"
      },
      "peerDependencies": {
        "node-gyp": "8.x"
      },
      "peerDependenciesMeta": {
        "node-gyp": {
          "optional": true
        }
      }
    }
  }
}
